// !$*UTF8*$!
{
	archiveVersion = 1;
	classes = {
	};
	objectVersion = 55;
	objects = {

/* Begin PBXBuildFile section */
		983C4A8628C90B6C00901EB6 /* PlaylistModel.swift in Sources */ = {isa = PBXBuildFile; fileRef = 983C4A8528C90B6C00901EB6 /* PlaylistModel.swift */; };
		98417B7C2893218E007CF7A5 /* AppDelegate.swift in Sources */ = {isa = PBXBuildFile; fileRef = 98417B7B2893218E007CF7A5 /* AppDelegate.swift */; };
		98417B7E2893218E007CF7A5 /* SceneDelegate.swift in Sources */ = {isa = PBXBuildFile; fileRef = 98417B7D2893218E007CF7A5 /* SceneDelegate.swift */; };
		98417B802893218E007CF7A5 /* ViewController.swift in Sources */ = {isa = PBXBuildFile; fileRef = 98417B7F2893218E007CF7A5 /* ViewController.swift */; };
		98417B832893218E007CF7A5 /* Main.storyboard in Resources */ = {isa = PBXBuildFile; fileRef = 98417B812893218E007CF7A5 /* Main.storyboard */; };
		98417B8528932193007CF7A5 /* Assets.xcassets in Resources */ = {isa = PBXBuildFile; fileRef = 98417B8428932193007CF7A5 /* Assets.xcassets */; };
		98417B8828932193007CF7A5 /* LaunchScreen.storyboard in Resources */ = {isa = PBXBuildFile; fileRef = 98417B8628932193007CF7A5 /* LaunchScreen.storyboard */; };
		985D13C028C956A3001DBDB3 /* VideoModel.swift in Sources */ = {isa = PBXBuildFile; fileRef = 985D13BF28C956A3001DBDB3 /* VideoModel.swift */; };
		985D13C228C95A35001DBDB3 /* PageInfoModel.swift in Sources */ = {isa = PBXBuildFile; fileRef = 985D13C128C95A35001DBDB3 /* PageInfoModel.swift */; };
		985D13C628C95CAA001DBDB3 /* LocalizedModel.swift in Sources */ = {isa = PBXBuildFile; fileRef = 985D13C528C95CAA001DBDB3 /* LocalizedModel.swift */; };
/* End PBXBuildFile section */

/* Begin PBXFileReference section */
		983C4A8528C90B6C00901EB6 /* PlaylistModel.swift */ = {isa = PBXFileReference; lastKnownFileType = sourcecode.swift; path = PlaylistModel.swift; sourceTree = "<group>"; };
		98417B782893218E007CF7A5 /* YoutubeApp.app */ = {isa = PBXFileReference; explicitFileType = wrapper.application; includeInIndex = 0; path = YoutubeApp.app; sourceTree = BUILT_PRODUCTS_DIR; };
		98417B7B2893218E007CF7A5 /* AppDelegate.swift */ = {isa = PBXFileReference; lastKnownFileType = sourcecode.swift; path = AppDelegate.swift; sourceTree = "<group>"; };
		98417B7D2893218E007CF7A5 /* SceneDelegate.swift */ = {isa = PBXFileReference; lastKnownFileType = sourcecode.swift; path = SceneDelegate.swift; sourceTree = "<group>"; };
		98417B7F2893218E007CF7A5 /* ViewController.swift */ = {isa = PBXFileReference; lastKnownFileType = sourcecode.swift; path = ViewController.swift; sourceTree = "<group>"; };
		98417B822893218E007CF7A5 /* Base */ = {isa = PBXFileReference; lastKnownFileType = file.storyboard; name = Base; path = Base.lproj/Main.storyboard; sourceTree = "<group>"; };
		98417B8428932193007CF7A5 /* Assets.xcassets */ = {isa = PBXFileReference; lastKnownFileType = folder.assetcatalog; path = Assets.xcassets; sourceTree = "<group>"; };
		98417B8728932193007CF7A5 /* Base */ = {isa = PBXFileReference; lastKnownFileType = file.storyboard; name = Base; path = Base.lproj/LaunchScreen.storyboard; sourceTree = "<group>"; };
		98417B8928932193007CF7A5 /* Info.plist */ = {isa = PBXFileReference; lastKnownFileType = text.plist.xml; path = Info.plist; sourceTree = "<group>"; };
		985D13BF28C956A3001DBDB3 /* VideoModel.swift */ = {isa = PBXFileReference; lastKnownFileType = sourcecode.swift; path = VideoModel.swift; sourceTree = "<group>"; };
		985D13C128C95A35001DBDB3 /* PageInfoModel.swift */ = {isa = PBXFileReference; lastKnownFileType = sourcecode.swift; path = PageInfoModel.swift; sourceTree = "<group>"; };
		985D13C528C95CAA001DBDB3 /* LocalizedModel.swift */ = {isa = PBXFileReference; lastKnownFileType = sourcecode.swift; path = LocalizedModel.swift; sourceTree = "<group>"; };
/* End PBXFileReference section */

/* Begin PBXFrameworksBuildPhase section */
		98417B752893218E007CF7A5 /* Frameworks */ = {
			isa = PBXFrameworksBuildPhase;
			buildActionMask = 2147483647;
			files = (
			);
			runOnlyForDeploymentPostprocessing = 0;
		};
/* End PBXFrameworksBuildPhase section */

/* Begin PBXGroup section */
		983C4A8428C90B4A00901EB6 /* Models */ = {
			isa = PBXGroup;
			children = (
				983C4A8528C90B6C00901EB6 /* PlaylistModel.swift */,
				985D13BF28C956A3001DBDB3 /* VideoModel.swift */,
				985D13C128C95A35001DBDB3 /* PageInfoModel.swift */,
				985D13C528C95CAA001DBDB3 /* LocalizedModel.swift */,
			);
			path = Models;
			sourceTree = "<group>";
		};
		98417B6F2893218E007CF7A5 = {
			isa = PBXGroup;
			children = (
				98417B7A2893218E007CF7A5 /* YoutubeApp */,
				98417B792893218E007CF7A5 /* Products */,
			);
			sourceTree = "<group>";
		};
		98417B792893218E007CF7A5 /* Products */ = {
			isa = PBXGroup;
			children = (
				98417B782893218E007CF7A5 /* YoutubeApp.app */,
			);
			name = Products;
			sourceTree = "<group>";
		};
		98417B7A2893218E007CF7A5 /* YoutubeApp */ = {
			isa = PBXGroup;
			children = (
				983C4A8428C90B4A00901EB6 /* Models */,
				98417B7B2893218E007CF7A5 /* AppDelegate.swift */,
				98417B7D2893218E007CF7A5 /* SceneDelegate.swift */,
				98417B7F2893218E007CF7A5 /* ViewController.swift */,
				98417B812893218E007CF7A5 /* Main.storyboard */,
				98417B8428932193007CF7A5 /* Assets.xcassets */,
				98417B8628932193007CF7A5 /* LaunchScreen.storyboard */,
				98417B8928932193007CF7A5 /* Info.plist */,
			);
			path = YoutubeApp;
			sourceTree = "<group>";
		};
/* End PBXGroup section */

/* Begin PBXNativeTarget section */
		98417B772893218E007CF7A5 /* YoutubeApp */ = {
			isa = PBXNativeTarget;
			buildConfigurationList = 98417B8C28932193007CF7A5 /* Build configuration list for PBXNativeTarget "YoutubeApp" */;
			buildPhases = (
				98417B742893218E007CF7A5 /* Sources */,
				98417B752893218E007CF7A5 /* Frameworks */,
				98417B762893218E007CF7A5 /* Resources */,
			);
			buildRules = (
			);
			dependencies = (
			);
			name = YoutubeApp;
			productName = YoutubeApp;
			productReference = 98417B782893218E007CF7A5 /* YoutubeApp.app */;
			productType = "com.apple.product-type.application";
		};
/* End PBXNativeTarget section */

/* Begin PBXProject section */
		98417B702893218E007CF7A5 /* Project object */ = {
			isa = PBXProject;
			attributes = {
				BuildIndependentTargetsInParallel = 1;
				LastSwiftUpdateCheck = 1330;
				LastUpgradeCheck = 1330;
				TargetAttributes = {
					98417B772893218E007CF7A5 = {
						CreatedOnToolsVersion = 13.3.1;
					};
				};
			};
			buildConfigurationList = 98417B732893218E007CF7A5 /* Build configuration list for PBXProject "YoutubeApp" */;
			compatibilityVersion = "Xcode 13.0";
			developmentRegion = en;
			hasScannedForEncodings = 0;
			knownRegions = (
				en,
				Base,
			);
			mainGroup = 98417B6F2893218E007CF7A5;
			productRefGroup = 98417B792893218E007CF7A5 /* Products */;
			projectDirPath = "";
			projectRoot = "";
			targets = (
				98417B772893218E007CF7A5 /* YoutubeApp */,
			);
		};
/* End PBXProject section */

/* Begin PBXResourcesBuildPhase section */
		98417B762893218E007CF7A5 /* Resources */ = {
			isa = PBXResourcesBuildPhase;
			buildActionMask = 2147483647;
			files = (
				98417B8828932193007CF7A5 /* LaunchScreen.storyboard in Resources */,
				98417B8528932193007CF7A5 /* Assets.xcassets in Resources */,
				98417B832893218E007CF7A5 /* Main.storyboard in Resources */,
			);
			runOnlyForDeploymentPostprocessing = 0;
		};
/* End PBXResourcesBuildPhase section */

/* Begin PBXSourcesBuildPhase section */
		98417B742893218E007CF7A5 /* Sources */ = {
			isa = PBXSourcesBuildPhase;
			buildActionMask = 2147483647;
			files = (
				98417B802893218E007CF7A5 /* ViewController.swift in Sources */,
				983C4A8628C90B6C00901EB6 /* PlaylistModel.swift in Sources */,
				985D13C228C95A35001DBDB3 /* PageInfoModel.swift in Sources */,
				98417B7C2893218E007CF7A5 /* AppDelegate.swift in Sources */,
				985D13C028C956A3001DBDB3 /* VideoModel.swift in Sources */,
				985D13C628C95CAA001DBDB3 /* LocalizedModel.swift in Sources */,
				98417B7E2893218E007CF7A5 /* SceneDelegate.swift in Sources */,
			);
			runOnlyForDeploymentPostprocessing = 0;
		};
/* End PBXSourcesBuildPhase section */

/* Begin PBXVariantGroup section */
		98417B812893218E007CF7A5 /* Main.storyboard */ = {
			isa = PBXVariantGroup;
			children = (
				98417B822893218E007CF7A5 /* Base */,
			);
			name = Main.storyboard;
			sourceTree = "<group>";
		};
		98417B8628932193007CF7A5 /* LaunchScreen.storyboard */ = {
			isa = PBXVariantGroup;
			children = (
				98417B8728932193007CF7A5 /* Base */,
			);
			name = LaunchScreen.storyboard;
			sourceTree = "<group>";
		};
/* End PBXVariantGroup section */

/* Begin XCBuildConfiguration section */
		98417B8A28932193007CF7A5 /* Debug */ = {
			isa = XCBuildConfiguration;
			buildSettings = {
				ALWAYS_SEARCH_USER_PATHS = NO;
				CLANG_ANALYZER_NONNULL = YES;
				CLANG_ANALYZER_NUMBER_OBJECT_CONVERSION = YES_AGGRESSIVE;
				CLANG_CXX_LANGUAGE_STANDARD = "gnu++17";
				CLANG_ENABLE_MODULES = YES;
				CLANG_ENABLE_OBJC_ARC = YES;
				CLANG_ENABLE_OBJC_WEAK = YES;
				CLANG_WARN_BLOCK_CAPTURE_AUTORELEASING = YES;
				CLANG_WARN_BOOL_CONVERSION = YES;
				CLANG_WARN_COMMA = YES;
				CLANG_WARN_CONSTANT_CONVERSION = YES;
				CLANG_WARN_DEPRECATED_OBJC_IMPLEMENTATIONS = YES;
				CLANG_WARN_DIRECT_OBJC_ISA_USAGE = YES_ERROR;
				CLANG_WARN_DOCUMENTATION_COMMENTS = YES;
				CLANG_WARN_EMPTY_BODY = YES;
				CLANG_WARN_ENUM_CONVERSION = YES;
				CLANG_WARN_INFINITE_RECURSION = YES;
				CLANG_WARN_INT_CONVERSION = YES;
				CLANG_WARN_NON_LITERAL_NULL_CONVERSION = YES;
				CLANG_WARN_OBJC_IMPLICIT_RETAIN_SELF = YES;
				CLANG_WARN_OBJC_LITERAL_CONVERSION = YES;
				CLANG_WARN_OBJC_ROOT_CLASS = YES_ERROR;
				CLANG_WARN_QUOTED_INCLUDE_IN_FRAMEWORK_HEADER = YES;
				CLANG_WARN_RANGE_LOOP_ANALYSIS = YES;
				CLANG_WARN_STRICT_PROTOTYPES = YES;
				CLANG_WARN_SUSPICIOUS_MOVE = YES;
				CLANG_WARN_UNGUARDED_AVAILABILITY = YES_AGGRESSIVE;
				CLANG_WARN_UNREACHABLE_CODE = YES;
				CLANG_WARN__DUPLICATE_METHOD_MATCH = YES;
				COPY_PHASE_STRIP = NO;
				DEBUG_INFORMATION_FORMAT = dwarf;
				ENABLE_STRICT_OBJC_MSGSEND = YES;
				ENABLE_TESTABILITY = YES;
				GCC_C_LANGUAGE_STANDARD = gnu11;
				GCC_DYNAMIC_NO_PIC = NO;
				GCC_NO_COMMON_BLOCKS = YES;
				GCC_OPTIMIZATION_LEVEL = 0;
				GCC_PREPROCESSOR_DEFINITIONS = (
					"DEBUG=1",
					"$(inherited)",
				);
				GCC_WARN_64_TO_32_BIT_CONVERSION = YES;
				GCC_WARN_ABOUT_RETURN_TYPE = YES_ERROR;
				GCC_WARN_UNDECLARED_SELECTOR = YES;
				GCC_WARN_UNINITIALIZED_AUTOS = YES_AGGRESSIVE;
				GCC_WARN_UNUSED_FUNCTION = YES;
				GCC_WARN_UNUSED_VARIABLE = YES;
				IPHONEOS_DEPLOYMENT_TARGET = 15.4;
				MTL_ENABLE_DEBUG_INFO = INCLUDE_SOURCE;
				MTL_FAST_MATH = YES;
				ONLY_ACTIVE_ARCH = YES;
				SDKROOT = iphoneos;
				SWIFT_ACTIVE_COMPILATION_CONDITIONS = DEBUG;
				SWIFT_OPTIMIZATION_LEVEL = "-Onone";
			};
			name = Debug;
		};
		98417B8B28932193007CF7A5 /* Release */ = {
			isa = XCBuildConfiguration;
			buildSettings = {
				ALWAYS_SEARCH_USER_PATHS = NO;
				CLANG_ANALYZER_NONNULL = YES;
				CLANG_ANALYZER_NUMBER_OBJECT_CONVERSION = YES_AGGRESSIVE;
				CLANG_CXX_LANGUAGE_STANDARD = "gnu++17";
				CLANG_ENABLE_MODULES = YES;
				CLANG_ENABLE_OBJC_ARC = YES;
				CLANG_ENABLE_OBJC_WEAK = YES;
				CLANG_WARN_BLOCK_CAPTURE_AUTORELEASING = YES;
				CLANG_WARN_BOOL_CONVERSION = YES;
				CLANG_WARN_COMMA = YES;
				CLANG_WARN_CONSTANT_CONVERSION = YES;
				CLANG_WARN_DEPRECATED_OBJC_IMPLEMENTATIONS = YES;
				CLANG_WARN_DIRECT_OBJC_ISA_USAGE = YES_ERROR;
				CLANG_WARN_DOCUMENTATION_COMMENTS = YES;
				CLANG_WARN_EMPTY_BODY = YES;
				CLANG_WARN_ENUM_CONVERSION = YES;
				CLANG_WARN_INFINITE_RECURSION = YES;
				CLANG_WARN_INT_CONVERSION = YES;
				CLANG_WARN_NON_LITERAL_NULL_CONVERSION = YES;
				CLANG_WARN_OBJC_IMPLICIT_RETAIN_SELF = YES;
				CLANG_WARN_OBJC_LITERAL_CONVERSION = YES;
				CLANG_WARN_OBJC_ROOT_CLASS = YES_ERROR;
				CLANG_WARN_QUOTED_INCLUDE_IN_FRAMEWORK_HEADER = YES;
				CLANG_WARN_RANGE_LOOP_ANALYSIS = YES;
				CLANG_WARN_STRICT_PROTOTYPES = YES;
				CLANG_WARN_SUSPICIOUS_MOVE = YES;
				CLANG_WARN_UNGUARDED_AVAILABILITY = YES_AGGRESSIVE;
				CLANG_WARN_UNREACHABLE_CODE = YES;
				CLANG_WARN__DUPLICATE_METHOD_MATCH = YES;
				COPY_PHASE_STRIP = NO;
				DEBUG_INFORMATION_FORMAT = "dwarf-with-dsym";
				ENABLE_NS_ASSERTIONS = NO;
				ENABLE_STRICT_OBJC_MSGSEND = YES;
				GCC_C_LANGUAGE_STANDARD = gnu11;
				GCC_NO_COMMON_BLOCKS = YES;
				GCC_WARN_64_TO_32_BIT_CONVERSION = YES;
				GCC_WARN_ABOUT_RETURN_TYPE = YES_ERROR;
				GCC_WARN_UNDECLARED_SELECTOR = YES;
				GCC_WARN_UNINITIALIZED_AUTOS = YES_AGGRESSIVE;
				GCC_WARN_UNUSED_FUNCTION = YES;
				GCC_WARN_UNUSED_VARIABLE = YES;
				IPHONEOS_DEPLOYMENT_TARGET = 15.4;
				MTL_ENABLE_DEBUG_INFO = NO;
				MTL_FAST_MATH = YES;
				SDKROOT = iphoneos;
				SWIFT_COMPILATION_MODE = wholemodule;
				SWIFT_OPTIMIZATION_LEVEL = "-O";
				VALIDATE_PRODUCT = YES;
			};
			name = Release;
		};
		98417B8D28932193007CF7A5 /* Debug */ = {
			isa = XCBuildConfiguration;
			buildSettings = {
				ASSETCATALOG_COMPILER_APPICON_NAME = AppIcon;
				ASSETCATALOG_COMPILER_GLOBAL_ACCENT_COLOR_NAME = AccentColor;
				CODE_SIGN_STYLE = Automatic;
				CURRENT_PROJECT_VERSION = 1;
				DEVELOPMENT_TEAM = YR8ENK43BV;
				GENERATE_INFOPLIST_FILE = YES;
				INFOPLIST_FILE = YoutubeApp/Info.plist;
				INFOPLIST_KEY_UIApplicationSupportsIndirectInputEvents = YES;
				INFOPLIST_KEY_UILaunchStoryboardName = LaunchScreen;
				INFOPLIST_KEY_UIMainStoryboardFile = Main;
				INFOPLIST_KEY_UISupportedInterfaceOrientations_iPad = "UIInterfaceOrientationPortrait UIInterfaceOrientationPortraitUpsideDown UIInterfaceOrientationLandscapeLeft UIInterfaceOrientationLandscapeRight";
				INFOPLIST_KEY_UISupportedInterfaceOrientations_iPhone = "UIInterfaceOrientationPortrait UIInterfaceOrientationLandscapeLeft UIInterfaceOrientationLandscapeRight";
				LD_RUNPATH_SEARCH_PATHS = (
					"$(inherited)",
					"@executable_path/Frameworks",
				);
				MARKETING_VERSION = 1.0;
				PRODUCT_BUNDLE_IDENTIFIER = com.poseto.YoutubeApp;
				PRODUCT_NAME = "$(TARGET_NAME)";
				SWIFT_EMIT_LOC_STRINGS = YES;
				SWIFT_VERSION = 5.0;
				TARGETED_DEVICE_FAMILY = "1,2";
			};
			name = Debug;
		};
		98417B8E28932193007CF7A5 /* Release */ = {
			isa = XCBuildConfiguration;
			buildSettings = {
				ASSETCATALOG_COMPILER_APPICON_NAME = AppIcon;
				ASSETCATALOG_COMPILER_GLOBAL_ACCENT_COLOR_NAME = AccentColor;
				CODE_SIGN_STYLE = Automatic;
				CURRENT_PROJECT_VERSION = 1;
				DEVELOPMENT_TEAM = YR8ENK43BV;
				GENERATE_INFOPLIST_FILE = YES;
				INFOPLIST_FILE = YoutubeApp/Info.plist;
				INFOPLIST_KEY_UIApplicationSupportsIndirectInputEvents = YES;
				INFOPLIST_KEY_UILaunchStoryboardName = LaunchScreen;
				INFOPLIST_KEY_UIMainStoryboardFile = Main;
				INFOPLIST_KEY_UISupportedInterfaceOrientations_iPad = "UIInterfaceOrientationPortrait UIInterfaceOrientationPortraitUpsideDown UIInterfaceOrientationLandscapeLeft UIInterfaceOrientationLandscapeRight";
				INFOPLIST_KEY_UISupportedInterfaceOrientations_iPhone = "UIInterfaceOrientationPortrait UIInterfaceOrientationLandscapeLeft UIInterfaceOrientationLandscapeRight";
				LD_RUNPATH_SEARCH_PATHS = (
					"$(inherited)",
					"@executable_path/Frameworks",
				);
				MARKETING_VERSION = 1.0;
				PRODUCT_BUNDLE_IDENTIFIER = com.poseto.YoutubeApp;
				PRODUCT_NAME = "$(TARGET_NAME)";
				SWIFT_EMIT_LOC_STRINGS = YES;
				SWIFT_VERSION = 5.0;
				TARGETED_DEVICE_FAMILY = "1,2";
			};
			name = Release;
		};
/* End XCBuildConfiguration section */

/* Begin XCConfigurationList section */
		98417B732893218E007CF7A5 /* Build configuration list for PBXProject "YoutubeApp" */ = {
			isa = XCConfigurationList;
			buildConfigurations = (
				98417B8A28932193007CF7A5 /* Debug */,
				98417B8B28932193007CF7A5 /* Release */,
			);
			defaultConfigurationIsVisible = 0;
			defaultConfigurationName = Release;
		};
		98417B8C28932193007CF7A5 /* Build configuration list for PBXNativeTarget "YoutubeApp" */ = {
			isa = XCConfigurationList;
			buildConfigurations = (
				98417B8D28932193007CF7A5 /* Debug */,
				98417B8E28932193007CF7A5 /* Release */,
			);
			defaultConfigurationIsVisible = 0;
			defaultConfigurationName = Release;
		};
/* End XCConfigurationList section */
	};
	rootObject = 98417B702893218E007CF7A5 /* Project object */;
}
